
Microsoft Visual Studio Solution File, Format Version 12.00
# Visual Studio 14
VisualStudioVersion = 14.0.25420.1
MinimumVisualStudioVersion = 10.0.40219.1
Project("{FAE04EC0-301F-11D3-BF4B-00C04F79EFBC}") = "PL.Model", "PL.Model\PL.Model.csproj", "{A255B532-8ED3-4B01-85E5-F5AFFFECD37E}"
EndProject
Project("{FAE04EC0-301F-11D3-BF4B-00C04F79EFBC}") = "EstacionamentoWebApp", "EstacionamentoWebApp\EstacionamentoWebApp.csproj", "{D44C1E66-BCD6-4E87-A74F-FBBDBBF3247D}"
EndProject
Project("{FAE04EC0-301F-11D3-BF4B-00C04F79EFBC}") = "PL.DAO", "PL.DAO\PL.DAO.csproj", "{906A7AA0-AC5F-49F8-8654-108DA1F6F8C8}"
EndProject
Project("{FAE04EC0-301F-11D3-BF4B-00C04F79EFBC}") = "EstacionamentoWebAppTests", "EstacionamentoWebAppTests\EstacionamentoWebAppTests.csproj", "{82B3BC53-A837-420C-95A1-0128E1D13C9E}"
EndProject
Project("{FAE04EC0-301F-11D3-BF4B-00C04F79EFBC}") = "EstacionamentoWebAppTests1", "EstacionamentoWebAppTests1\EstacionamentoWebAppTests1.csproj", "{59E11E0C-F283-427C-9131-A43AA0099760}"
EndProject
Global
	GlobalSection(SolutionConfigurationPlatforms) = preSolution
		Debug|Any CPU = Debug|Any CPU
		Release|Any CPU = Release|Any CPU
	EndGlobalSection
	GlobalSection(ProjectConfigurationPlatforms) = postSolution
		{A255B532-8ED3-4B01-85E5-F5AFFFECD37E}.Debug|Any CPU.ActiveCfg = Debug|Any CPU
		{A255B532-8ED3-4B01-85E5-F5AFFFECD37E}.Debug|Any CPU.Build.0 = Debug|Any CPU
		{A255B532-8ED3-4B01-85E5-F5AFFFECD37E}.Release|Any CPU.ActiveCfg = Release|Any CPU
		{A255B532-8ED3-4B01-85E5-F5AFFFECD37E}.Release|Any CPU.Build.0 = Release|Any CPU
		{D44C1E66-BCD6-4E87-A74F-FBBDBBF3247D}.Debug|Any CPU.ActiveCfg = Debug|Any CPU
		{D44C1E66-BCD6-4E87-A74F-FBBDBBF3247D}.Debug|Any CPU.Build.0 = Debug|Any CPU
		{D44C1E66-BCD6-4E87-A74F-FBBDBBF3247D}.Release|Any CPU.ActiveCfg = Release|Any CPU
		{D44C1E66-BCD6-4E87-A74F-FBBDBBF3247D}.Release|Any CPU.Build.0 = Release|Any CPU
		{906A7AA0-AC5F-49F8-8654-108DA1F6F8C8}.Debug|Any CPU.ActiveCfg = Debug|Any CPU
		{906A7AA0-AC5F-49F8-8654-108DA1F6F8C8}.Debug|Any CPU.Build.0 = Debug|Any CPU
		{906A7AA0-AC5F-49F8-8654-108DA1F6F8C8}.Release|Any CPU.ActiveCfg = Release|Any CPU
		{906A7AA0-AC5F-49F8-8654-108DA1F6F8C8}.Release|Any CPU.Build.0 = Release|Any CPU
		{82B3BC53-A837-420C-95A1-0128E1D13C9E}.Debug|Any CPU.ActiveCfg = Debug|Any CPU
		{82B3BC53-A837-420C-95A1-0128E1D13C9E}.Debug|Any CPU.Build.0 = Debug|Any CPU
		{82B3BC53-A837-420C-95A1-0128E1D13C9E}.Release|Any CPU.ActiveCfg = Release|Any CPU
		{82B3BC53-A837-420C-95A1-0128E1D13C9E}.Release|Any CPU.Build.0 = Release|Any CPU
		{59E11E0C-F283-427C-9131-A43AA0099760}.Debug|Any CPU.ActiveCfg = Debug|Any CPU
		{59E11E0C-F283-427C-9131-A43AA0099760}.Debug|Any CPU.Build.0 = Debug|Any CPU
		{59E11E0C-F283-427C-9131-A43AA0099760}.Release|Any CPU.ActiveCfg = Release|Any CPU
		{59E11E0C-F283-427C-9131-A43AA0099760}.Release|Any CPU.Build.0 = Release|Any CPU
	EndGlobalSection
	GlobalSection(SolutionProperties) = preSolution
		HideSolutionNode = FALSE
	EndGlobalSection
EndGlobal
